
Microsoft Visual Studio Solution File, Format Version 12.00
# Visual Studio Version 16
VisualStudioVersion = 16.0.31702.278
MinimumVisualStudioVersion = 10.0.40219.1
Project("{8BC9CEB8-8B4A-11D0-8D11-00A0C91BC942}") = "Application", "Application\Application.vcxproj", "{C26F2511-91EA-4D70-80A4-5273A29F50A4}"
EndProject
Project("{8BC9CEB8-8B4A-11D0-8D11-00A0C91BC942}") = "Engine", "Engine\Engine.vcxproj", "{48B93878-1F32-4F88-9F54-A1D2CE751D36}"
EndProject
Global
	GlobalSection(SolutionConfigurationPlatforms) = preSolution
		D3D11 Debug|x64 = D3D11 Debug|x64
		D3D11 Debug|x86 = D3D11 Debug|x86
		D3D11 Release|x64 = D3D11 Release|x64
		D3D11 Release|x86 = D3D11 Release|x86
	EndGlobalSection
	GlobalSection(ProjectConfigurationPlatforms) = postSolution
		{C26F2511-91EA-4D70-80A4-5273A29F50A4}.D3D11 Debug|x64.ActiveCfg = D3D11 Debug|x64
		{C26F2511-91EA-4D70-80A4-5273A29F50A4}.D3D11 Debug|x64.Build.0 = D3D11 Debug|x64
		{C26F2511-91EA-4D70-80A4-5273A29F50A4}.D3D11 Debug|x86.ActiveCfg = D3D11 Debug|Win32
		{C26F2511-91EA-4D70-80A4-5273A29F50A4}.D3D11 Debug|x86.Build.0 = D3D11 Debug|Win32
		{C26F2511-91EA-4D70-80A4-5273A29F50A4}.D3D11 Release|x64.ActiveCfg = D3D11 Release|x64
		{C26F2511-91EA-4D70-80A4-5273A29F50A4}.D3D11 Release|x64.Build.0 = D3D11 Release|x64
		{C26F2511-91EA-4D70-80A4-5273A29F50A4}.D3D11 Release|x86.ActiveCfg = D3D11 Release|Win32
		{C26F2511-91EA-4D70-80A4-5273A29F50A4}.D3D11 Release|x86.Build.0 = D3D11 Release|Win32
		{48B93878-1F32-4F88-9F54-A1D2CE751D36}.D3D11 Debug|x64.ActiveCfg = D3D11 Debug|x64
		{48B93878-1F32-4F88-9F54-A1D2CE751D36}.D3D11 Debug|x64.Build.0 = D3D11 Debug|x64
		{48B93878-1F32-4F88-9F54-A1D2CE751D36}.D3D11 Debug|x86.ActiveCfg = D3D11 Debug|Win32
		{48B93878-1F32-4F88-9F54-A1D2CE751D36}.D3D11 Debug|x86.Build.0 = D3D11 Debug|Win32
		{48B93878-1F32-4F88-9F54-A1D2CE751D36}.D3D11 Release|x64.ActiveCfg = D3D11 Release|x64
		{48B93878-1F32-4F88-9F54-A1D2CE751D36}.D3D11 Release|x64.Build.0 = D3D11 Release|x64
		{48B93878-1F32-4F88-9F54-A1D2CE751D36}.D3D11 Release|x86.ActiveCfg = D3D11 Release|Win32
		{48B93878-1F32-4F88-9F54-A1D2CE751D36}.D3D11 Release|x86.Build.0 = D3D11 Release|Win32
	EndGlobalSection
	GlobalSection(SolutionProperties) = preSolution
		HideSolutionNode = FALSE
	EndGlobalSection
	GlobalSection(ExtensibilityGlobals) = postSolution
		SolutionGuid = {18174CE2-BAF7-4BC3-9D2B-D5A198353412}
	EndGlobalSection
EndGlobal
